
Microsoft Visual Studio Solution File, Format Version 12.00
# Visual Studio 14
VisualStudioVersion = 14.0.25420.1
MinimumVisualStudioVersion = 10.0.40219.1
Project("{FAE04EC0-301F-11D3-BF4B-00C04F79EFBC}") = "JiraSuite.Web", "JiraSuite\JiraSuite.Web.csproj", "{0F83D5CB-23E9-4410-BD54-5A9D1309998F}"
EndProject
Project("{FAE04EC0-301F-11D3-BF4B-00C04F79EFBC}") = "JiraSuite.Tests", "JiraSuite.Tests\JiraSuite.Tests.csproj", "{BDC9B634-EC14-405C-84C8-4F8AF1D86165}"
EndProject
Project("{FAE04EC0-301F-11D3-BF4B-00C04F79EFBC}") = "JiraSuite.Jira", "t1\JiraSuite.Jira.csproj", "{135830A9-9AF0-4382-BF94-BDD733831281}"
EndProject
Project("{FAE04EC0-301F-11D3-BF4B-00C04F79EFBC}") = "JiraSuite.DataAccess", "JiraSuite.DataAccess\JiraSuite.DataAccess.csproj", "{CC6C9C3D-60D3-405C-AA9F-9E2F2921B44A}"
EndProject
Project("{FAE04EC0-301F-11D3-BF4B-00C04F79EFBC}") = "JiraSuite.Netsuite", "JiraSuite.Netsuite\JiraSuite.Netsuite.csproj", "{F1296EA0-7B0D-442B-890F-BBF7CA38288B}"
EndProject
Global
	GlobalSection(SolutionConfigurationPlatforms) = preSolution
		Debug|Any CPU = Debug|Any CPU
		Release|Any CPU = Release|Any CPU
	EndGlobalSection
	GlobalSection(ProjectConfigurationPlatforms) = postSolution
		{0F83D5CB-23E9-4410-BD54-5A9D1309998F}.Debug|Any CPU.ActiveCfg = Debug|Any CPU
		{0F83D5CB-23E9-4410-BD54-5A9D1309998F}.Debug|Any CPU.Build.0 = Debug|Any CPU
		{0F83D5CB-23E9-4410-BD54-5A9D1309998F}.Release|Any CPU.ActiveCfg = Release|Any CPU
		{0F83D5CB-23E9-4410-BD54-5A9D1309998F}.Release|Any CPU.Build.0 = Release|Any CPU
		{BDC9B634-EC14-405C-84C8-4F8AF1D86165}.Debug|Any CPU.ActiveCfg = Debug|Any CPU
		{BDC9B634-EC14-405C-84C8-4F8AF1D86165}.Debug|Any CPU.Build.0 = Debug|Any CPU
		{BDC9B634-EC14-405C-84C8-4F8AF1D86165}.Release|Any CPU.ActiveCfg = Release|Any CPU
		{BDC9B634-EC14-405C-84C8-4F8AF1D86165}.Release|Any CPU.Build.0 = Release|Any CPU
		{135830A9-9AF0-4382-BF94-BDD733831281}.Debug|Any CPU.ActiveCfg = Debug|Any CPU
		{135830A9-9AF0-4382-BF94-BDD733831281}.Debug|Any CPU.Build.0 = Debug|Any CPU
		{135830A9-9AF0-4382-BF94-BDD733831281}.Release|Any CPU.ActiveCfg = Release|Any CPU
		{135830A9-9AF0-4382-BF94-BDD733831281}.Release|Any CPU.Build.0 = Release|Any CPU
		{CC6C9C3D-60D3-405C-AA9F-9E2F2921B44A}.Debug|Any CPU.ActiveCfg = Debug|Any CPU
		{CC6C9C3D-60D3-405C-AA9F-9E2F2921B44A}.Debug|Any CPU.Build.0 = Debug|Any CPU
		{CC6C9C3D-60D3-405C-AA9F-9E2F2921B44A}.Release|Any CPU.ActiveCfg = Release|Any CPU
		{CC6C9C3D-60D3-405C-AA9F-9E2F2921B44A}.Release|Any CPU.Build.0 = Release|Any CPU
		{F1296EA0-7B0D-442B-890F-BBF7CA38288B}.Debug|Any CPU.ActiveCfg = Debug|Any CPU
		{F1296EA0-7B0D-442B-890F-BBF7CA38288B}.Debug|Any CPU.Build.0 = Debug|Any CPU
		{F1296EA0-7B0D-442B-890F-BBF7CA38288B}.Release|Any CPU.ActiveCfg = Release|Any CPU
		{F1296EA0-7B0D-442B-890F-BBF7CA38288B}.Release|Any CPU.Build.0 = Release|Any CPU
	EndGlobalSection
	GlobalSection(SolutionProperties) = preSolution
		HideSolutionNode = FALSE
	EndGlobalSection
EndGlobal
